# This file is automatically @generated by Poetry 1.8.4 and should not be changed by hand.

[[package]]
name = "asttokens"
version = "2.4.1"
description = "Annotate AST trees with source code positions"
optional = false
python-versions = "*"
files = [
    {file = "asttokens-2.4.1-py2.py3-none-any.whl", hash = "sha256:051ed49c3dcae8913ea7cd08e46a606dba30b79993209636c4875bc1d637bc24"},
    {file = "asttokens-2.4.1.tar.gz", hash = "sha256:b03869718ba9a6eb027e134bfdf69f38a236d681c83c160d510768af11254ba0"},
]

[package.dependencies]
six = ">=1.12.0"

[package.extras]
astroid = ["astroid (>=1,<2)", "astroid (>=2,<4)"]
test = ["astroid (>=1,<2)", "astroid (>=2,<4)", "pytest"]

[[package]]
name = "cbor2"
version = "5.6.5"
description = "CBOR (de)serializer with extensive tag support"
optional = false
python-versions = ">=3.8"
files = [
    {file = "cbor2-5.6.5-cp310-cp310-macosx_10_9_x86_64.whl", hash = "sha256:e16c4a87fc999b4926f5c8f6c696b0d251b4745bc40f6c5aee51d69b30b15ca2"},
    {file = "cbor2-5.6.5-cp310-cp310-macosx_11_0_arm64.whl", hash = "sha256:87026fc838370d69f23ed8572939bd71cea2b3f6c8f8bb8283f573374b4d7f33"},
    {file = "cbor2-5.6.5-cp310-cp310-manylinux_2_17_aarch64.manylinux2014_aarch64.whl", hash = "sha256:a88f029522aec5425fc2f941b3df90da7688b6756bd3f0472ab886d21208acbd"},
    {file = "cbor2-5.6.5-cp310-cp310-manylinux_2_17_x86_64.manylinux2014_x86_64.whl", hash = "sha256:b9d15b638539b68aa5d5eacc56099b4543a38b2d2c896055dccf7e83d24b7955"},
    {file = "cbor2-5.6.5-cp310-cp310-musllinux_1_2_aarch64.whl", hash = "sha256:47261f54a024839ec649b950013c4de5b5f521afe592a2688eebbe22430df1dc"},
    {file = "cbor2-5.6.5-cp310-cp310-musllinux_1_2_x86_64.whl", hash = "sha256:559dcf0d897260a9e95e7b43556a62253e84550b77147a1ad4d2c389a2a30192"},
    {file = "cbor2-5.6.5-cp310-cp310-win_amd64.whl", hash = "sha256:5b856fda4c50c5bc73ed3664e64211fa4f015970ed7a15a4d6361bd48462feaf"},
    {file = "cbor2-5.6.5-cp311-cp311-macosx_10_9_x86_64.whl", hash = "sha256:863e0983989d56d5071270790e7ed8ddbda88c9e5288efdb759aba2efee670bc"},
    {file = "cbor2-5.6.5-cp311-cp311-macosx_11_0_arm64.whl", hash = "sha256:5cff06464b8f4ca6eb9abcba67bda8f8334a058abc01005c8e616728c387ad32"},
    {file = "cbor2-5.6.5-cp311-cp311-manylinux_2_17_aarch64.manylinux2014_aarch64.whl", hash = "sha256:f4c7dbcdc59ea7f5a745d3e30ee5e6b6ff5ce7ac244aa3de6786391b10027bb3"},
    {file = "cbor2-5.6.5-cp311-cp311-manylinux_2_17_x86_64.manylinux2014_x86_64.whl", hash = "sha256:34cf5ab0dc310c3d0196caa6ae062dc09f6c242e2544bea01691fe60c0230596"},
    {file = "cbor2-5.6.5-cp311-cp311-musllinux_1_2_aarch64.whl", hash = "sha256:6797b824b26a30794f2b169c0575301ca9b74ae99064e71d16e6ba0c9057de51"},
    {file = "cbor2-5.6.5-cp311-cp311-musllinux_1_2_x86_64.whl", hash = "sha256:73b9647eed1493097db6aad61e03d8f1252080ee041a1755de18000dd2c05f37"},
    {file = "cbor2-5.6.5-cp311-cp311-win_amd64.whl", hash = "sha256:6e14a1bf6269d25e02ef1d4008e0ce8880aa271d7c6b4c329dba48645764f60e"},
    {file = "cbor2-5.6.5-cp312-cp312-macosx_10_13_x86_64.whl", hash = "sha256:e25c2aebc9db99af7190e2261168cdde8ed3d639ca06868e4f477cf3a228a8e9"},
    {file = "cbor2-5.6.5-cp312-cp312-macosx_11_0_arm64.whl", hash = "sha256:fde21ac1cf29336a31615a2c469a9cb03cf0add3ae480672d4d38cda467d07fc"},
    {file = "cbor2-5.6.5-cp312-cp312-manylinux_2_17_aarch64.manylinux2014_aarch64.whl", hash = "sha256:a8947c102cac79d049eadbd5e2ffb8189952890df7cbc3ee262bbc2f95b011a9"},
    {file = "cbor2-5.6.5-cp312-cp312-manylinux_2_17_x86_64.manylinux2014_x86_64.whl", hash = "sha256:38886c41bebcd7dca57739439455bce759f1e4c551b511f618b8e9c1295b431b"},
    {file = "cbor2-5.6.5-cp312-cp312-musllinux_1_2_aarch64.whl", hash = "sha256:ae2b49226224e92851c333b91d83292ec62eba53a19c68a79890ce35f1230d70"},
    {file = "cbor2-5.6.5-cp312-cp312-musllinux_1_2_x86_64.whl", hash = "sha256:f2764804ffb6553283fc4afb10a280715905a4cea4d6dc7c90d3e89c4a93bc8d"},
    {file = "cbor2-5.6.5-cp312-cp312-win_amd64.whl", hash = "sha256:a3ac50485cf67dfaab170a3e7b527630e93cb0a6af8cdaa403054215dff93adf"},
    {file = "cbor2-5.6.5-cp313-cp313-macosx_10_13_x86_64.whl", hash = "sha256:f0d0a9c5aabd48ecb17acf56004a7542a0b8d8212be52f3102b8218284bd881e"},
    {file = "cbor2-5.6.5-cp313-cp313-macosx_11_0_arm64.whl", hash = "sha256:61ceb77e6aa25c11c814d4fe8ec9e3bac0094a1f5bd8a2a8c95694596ea01e08"},
    {file = "cbor2-5.6.5-cp313-cp313-manylinux_2_17_aarch64.manylinux2014_aarch64.whl", hash = "sha256:97a7e409b864fecf68b2ace8978eb5df1738799a333ec3ea2b9597bfcdd6d7d2"},
    {file = "cbor2-5.6.5-cp313-cp313-manylinux_2_17_x86_64.manylinux2014_x86_64.whl", hash = "sha256:7f6d69f38f7d788b04c09ef2b06747536624b452b3c8b371ab78ad43b0296fab"},
    {file = "cbor2-5.6.5-cp313-cp313-musllinux_1_2_aarch64.whl", hash = "sha256:f91e6d74fa6917df31f8757fdd0e154203b0dd0609ec53eb957016a2b474896a"},
    {file = "cbor2-5.6.5-cp313-cp313-musllinux_1_2_x86_64.whl", hash = "sha256:5ce13a27ef8fddf643fc17a753fe34aa72b251d03c23da6a560c005dc171085b"},
    {file = "cbor2-5.6.5-cp313-cp313-win_amd64.whl", hash = "sha256:54c72a3207bb2d4480c2c39dad12d7971ce0853a99e3f9b8d559ce6eac84f66f"},
    {file = "cbor2-5.6.5-cp38-cp38-macosx_10_9_x86_64.whl", hash = "sha256:4586a4f65546243096e56a3f18f29d60752ee9204722377021b3119a03ed99ff"},
    {file = "cbor2-5.6.5-cp38-cp38-macosx_11_0_arm64.whl", hash = "sha256:3d1a18b3a58dcd9b40ab55c726160d4a6b74868f2a35b71f9e726268b46dc6a2"},
    {file = "cbor2-5.6.5-cp38-cp38-manylinux_2_17_aarch64.manylinux2014_aarch64.whl", hash = "sha256:a83b76367d1c3e69facbcb8cdf65ed6948678e72f433137b41d27458aa2a40cb"},
    {file = "cbor2-5.6.5-cp38-cp38-manylinux_2_17_x86_64.manylinux2014_x86_64.whl", hash = "sha256:90bfa36944caccec963e6ab7e01e64e31cc6664535dc06e6295ee3937c999cbb"},
    {file = "cbor2-5.6.5-cp38-cp38-musllinux_1_2_aarch64.whl", hash = "sha256:37096663a5a1c46a776aea44906cbe5fa3952f29f50f349179c00525d321c862"},
    {file = "cbor2-5.6.5-cp38-cp38-musllinux_1_2_x86_64.whl", hash = "sha256:93676af02bd9a0b4a62c17c5b20f8e9c37b5019b1a24db70a2ee6cb770423568"},
    {file = "cbor2-5.6.5-cp38-cp38-win_amd64.whl", hash = "sha256:8f747b7a9aaa58881a0c5b4cd4a9b8fb27eca984ed261a769b61de1f6b5bd1e6"},
    {file = "cbor2-5.6.5-cp39-cp39-macosx_10_9_x86_64.whl", hash = "sha256:94885903105eec66d7efb55f4ce9884fdc5a4d51f3bd75b6fedc68c5c251511b"},
    {file = "cbor2-5.6.5-cp39-cp39-macosx_11_0_arm64.whl", hash = "sha256:fe11c2eb518c882cfbeed456e7a552e544893c17db66fe5d3230dbeaca6b615c"},
    {file = "cbor2-5.6.5-cp39-cp39-manylinux_2_17_aarch64.manylinux2014_aarch64.whl", hash = "sha256:66dd25dd919cddb0b36f97f9ccfa51947882f064729e65e6bef17c28535dc459"},
    {file = "cbor2-5.6.5-cp39-cp39-manylinux_2_17_x86_64.manylinux2014_x86_64.whl", hash = "sha256:fa61a02995f3a996c03884cf1a0b5733f88cbfd7fa0e34944bf678d4227ee712"},
    {file = "cbor2-5.6.5-cp39-cp39-musllinux_1_2_aarch64.whl", hash = "sha256:824f202b556fc204e2e9a67d6d6d624e150fbd791278ccfee24e68caec578afd"},
    {file = "cbor2-5.6.5-cp39-cp39-musllinux_1_2_x86_64.whl", hash = "sha256:7488aec919f8408f9987a3a32760bd385d8628b23a35477917aa3923ff6ad45f"},
    {file = "cbor2-5.6.5-cp39-cp39-win_amd64.whl", hash = "sha256:a34ee99e86b17444ecbe96d54d909dd1a20e2da9f814ae91b8b71cf1ee2a95e4"},
    {file = "cbor2-5.6.5-py3-none-any.whl", hash = "sha256:3038523b8fc7de312bb9cdcbbbd599987e64307c4db357cd2030c472a6c7d468"},
    {file = "cbor2-5.6.5.tar.gz", hash = "sha256:b682820677ee1dbba45f7da11898d2720f92e06be36acec290867d5ebf3d7e09"},
]

[package.extras]
benchmarks = ["pytest-benchmark (==4.0.0)"]
doc = ["Sphinx (>=7)", "packaging", "sphinx-autodoc-typehints (>=1.2.0)", "sphinx-rtd-theme (>=1.3.0)", "typing-extensions"]
test = ["coverage (>=7)", "hypothesis", "pytest"]

[[package]]
name = "importlib-metadata"
version = "8.5.0"
description = "Read metadata from Python packages"
optional = false
python-versions = ">=3.8"
files = [
    {file = "importlib_metadata-8.5.0-py3-none-any.whl", hash = "sha256:45e54197d28b7a7f1559e60b95e7c567032b602131fbd588f1497f47880aa68b"},
    {file = "importlib_metadata-8.5.0.tar.gz", hash = "sha256:71522656f0abace1d072b9e5481a48f07c138e00f079c38c8f883823f9c26bd7"},
]

[package.dependencies]
zipp = ">=3.20"

[package.extras]
check = ["pytest-checkdocs (>=2.4)", "pytest-ruff (>=0.2.1)"]
cover = ["pytest-cov"]
doc = ["furo", "jaraco.packaging (>=9.3)", "jaraco.tidelift (>=1.4)", "rst.linker (>=1.9)", "sphinx (>=3.5)", "sphinx-lint"]
enabler = ["pytest-enabler (>=2.2)"]
perf = ["ipython"]
test = ["flufl.flake8", "importlib-resources (>=1.3)", "jaraco.test (>=5.4)", "packaging", "pyfakefs", "pytest (>=6,!=8.1.*)", "pytest-perf (>=0.9.2)"]
type = ["pytest-mypy"]

[[package]]
name = "packaging"
version = "23.2"
description = "Core utilities for Python packages"
optional = false
python-versions = ">=3.7"
files = [
    {file = "packaging-23.2-py3-none-any.whl", hash = "sha256:8c491190033a9af7e1d931d0b5dacc2ef47509b34dd0de67ed209b5203fc88c7"},
    {file = "packaging-23.2.tar.gz", hash = "sha256:048fb0e9405036518eaaf48a55953c750c11e1a1b68e0dd1a9d62ed0c092cfc5"},
]

[[package]]
name = "pycryptodome"
version = "3.21.0"
description = "Cryptographic library for Python"
optional = false
python-versions = "!=3.0.*,!=3.1.*,!=3.2.*,!=3.3.*,!=3.4.*,!=3.5.*,>=2.7"
files = [
    {file = "pycryptodome-3.21.0-cp27-cp27m-macosx_10_9_x86_64.whl", hash = "sha256:dad9bf36eda068e89059d1f07408e397856be9511d7113ea4b586642a429a4fd"},
    {file = "pycryptodome-3.21.0-cp27-cp27m-manylinux2010_i686.whl", hash = "sha256:a1752eca64c60852f38bb29e2c86fca30d7672c024128ef5d70cc15868fa10f4"},
    {file = "pycryptodome-3.21.0-cp27-cp27m-manylinux2010_x86_64.whl", hash = "sha256:3ba4cc304eac4d4d458f508d4955a88ba25026890e8abff9b60404f76a62c55e"},
    {file = "pycryptodome-3.21.0-cp27-cp27m-manylinux_2_17_aarch64.manylinux2014_aarch64.whl", hash = "sha256:7cb087b8612c8a1a14cf37dd754685be9a8d9869bed2ffaaceb04850a8aeef7e"},
    {file = "pycryptodome-3.21.0-cp27-cp27m-musllinux_1_1_aarch64.whl", hash = "sha256:26412b21df30b2861424a6c6d5b1d8ca8107612a4cfa4d0183e71c5d200fb34a"},
    {file = "pycryptodome-3.21.0-cp27-cp27m-win32.whl", hash = "sha256:cc2269ab4bce40b027b49663d61d816903a4bd90ad88cb99ed561aadb3888dd3"},
    {file = "pycryptodome-3.21.0-cp27-cp27m-win_amd64.whl", hash = "sha256:0fa0a05a6a697ccbf2a12cec3d6d2650b50881899b845fac6e87416f8cb7e87d"},
    {file = "pycryptodome-3.21.0-cp27-cp27mu-manylinux2010_i686.whl", hash = "sha256:6cce52e196a5f1d6797ff7946cdff2038d3b5f0aba4a43cb6bf46b575fd1b5bb"},
    {file = "pycryptodome-3.21.0-cp27-cp27mu-manylinux2010_x86_64.whl", hash = "sha256:a915597ffccabe902e7090e199a7bf7a381c5506a747d5e9d27ba55197a2c568"},
    {file = "pycryptodome-3.21.0-cp27-cp27mu-manylinux_2_17_aarch64.manylinux2014_aarch64.whl", hash = "sha256:a4e74c522d630766b03a836c15bff77cb657c5fdf098abf8b1ada2aebc7d0819"},
    {file = "pycryptodome-3.21.0-cp27-cp27mu-musllinux_1_1_aarch64.whl", hash = "sha256:a3804675283f4764a02db05f5191eb8fec2bb6ca34d466167fc78a5f05bbe6b3"},
    {file = "pycryptodome-3.21.0-cp36-abi3-macosx_10_9_universal2.whl", hash = "sha256:2480ec2c72438430da9f601ebc12c518c093c13111a5c1644c82cdfc2e50b1e4"},
    {file = "pycryptodome-3.21.0-cp36-abi3-macosx_10_9_x86_64.whl", hash = "sha256:de18954104667f565e2fbb4783b56667f30fb49c4d79b346f52a29cb198d5b6b"},
    {file = "pycryptodome-3.21.0-cp36-abi3-manylinux_2_17_aarch64.manylinux2014_aarch64.whl", hash = "sha256:2de4b7263a33947ff440412339cb72b28a5a4c769b5c1ca19e33dd6cd1dcec6e"},
    {file = "pycryptodome-3.21.0-cp36-abi3-manylinux_2_17_x86_64.manylinux2014_x86_64.whl", hash = "sha256:0714206d467fc911042d01ea3a1847c847bc10884cf674c82e12915cfe1649f8"},
    {file = "pycryptodome-3.21.0-cp36-abi3-manylinux_2_5_i686.manylinux1_i686.manylinux_2_17_i686.manylinux2014_i686.whl", hash = "sha256:7d85c1b613121ed3dbaa5a97369b3b757909531a959d229406a75b912dd51dd1"},
    {file = "pycryptodome-3.21.0-cp36-abi3-musllinux_1_1_aarch64.whl", hash = "sha256:8898a66425a57bcf15e25fc19c12490b87bd939800f39a03ea2de2aea5e3611a"},
    {file = "pycryptodome-3.21.0-cp36-abi3-musllinux_1_2_i686.whl", hash = "sha256:932c905b71a56474bff8a9c014030bc3c882cee696b448af920399f730a650c2"},
    {file = "pycryptodome-3.21.0-cp36-abi3-musllinux_1_2_x86_64.whl", hash = "sha256:18caa8cfbc676eaaf28613637a89980ad2fd96e00c564135bf90bc3f0b34dd93"},
    {file = "pycryptodome-3.21.0-cp36-abi3-win32.whl", hash = "sha256:280b67d20e33bb63171d55b1067f61fbd932e0b1ad976b3a184303a3dad22764"},
    {file = "pycryptodome-3.21.0-cp36-abi3-win_amd64.whl", hash = "sha256:b7aa25fc0baa5b1d95b7633af4f5f1838467f1815442b22487426f94e0d66c53"},
    {file = "pycryptodome-3.21.0-pp27-pypy_73-manylinux2010_x86_64.whl", hash = "sha256:2cb635b67011bc147c257e61ce864879ffe6d03342dc74b6045059dfbdedafca"},
    {file = "pycryptodome-3.21.0-pp27-pypy_73-win32.whl", hash = "sha256:4c26a2f0dc15f81ea3afa3b0c87b87e501f235d332b7f27e2225ecb80c0b1cdd"},
    {file = "pycryptodome-3.21.0-pp310-pypy310_pp73-macosx_10_15_x86_64.whl", hash = "sha256:d5ebe0763c982f069d3877832254f64974139f4f9655058452603ff559c482e8"},
    {file = "pycryptodome-3.21.0-pp310-pypy310_pp73-manylinux_2_17_x86_64.manylinux2014_x86_64.whl", hash = "sha256:7ee86cbde706be13f2dec5a42b52b1c1d1cbb90c8e405c68d0755134735c8dc6"},
    {file = "pycryptodome-3.21.0-pp310-pypy310_pp73-manylinux_2_5_i686.manylinux1_i686.manylinux_2_17_i686.manylinux2014_i686.whl", hash = "sha256:0fd54003ec3ce4e0f16c484a10bc5d8b9bd77fa662a12b85779a2d2d85d67ee0"},
    {file = "pycryptodome-3.21.0-pp310-pypy310_pp73-win_amd64.whl", hash = "sha256:5dfafca172933506773482b0e18f0cd766fd3920bd03ec85a283df90d8a17bc6"},
    {file = "pycryptodome-3.21.0-pp39-pypy39_pp73-macosx_10_15_x86_64.whl", hash = "sha256:590ef0898a4b0a15485b05210b4a1c9de8806d3ad3d47f74ab1dc07c67a6827f"},
    {file = "pycryptodome-3.21.0-pp39-pypy39_pp73-manylinux_2_17_x86_64.manylinux2014_x86_64.whl", hash = "sha256:f35e442630bc4bc2e1878482d6f59ea22e280d7121d7adeaedba58c23ab6386b"},
    {file = "pycryptodome-3.21.0-pp39-pypy39_pp73-manylinux_2_5_i686.manylinux1_i686.manylinux_2_17_i686.manylinux2014_i686.whl", hash = "sha256:ff99f952db3db2fbe98a0b355175f93ec334ba3d01bbde25ad3a5a33abc02b58"},
    {file = "pycryptodome-3.21.0-pp39-pypy39_pp73-win_amd64.whl", hash = "sha256:8acd7d34af70ee63f9a849f957558e49a98f8f1634f86a59d2be62bb8e93f71c"},
    {file = "pycryptodome-3.21.0.tar.gz", hash = "sha256:f7787e0d469bdae763b876174cf2e6c0f7be79808af26b1da96f1a64bcf47297"},
]

[[package]]
name = "six"
version = "1.17.0"
description = "Python 2 and 3 compatibility utilities"
optional = false
python-versions = "!=3.0.*,!=3.1.*,!=3.2.*,>=2.7"
files = [
    {file = "six-1.17.0-py2.py3-none-any.whl", hash = "sha256:4721f391ed90541fddacab5acf947aa0d3dc7d27b2e1e8eda2be8970586c3274"},
    {file = "six-1.17.0.tar.gz", hash = "sha256:ff70335d468e7eb6ec65b95b99d3a2836546063f63acc5171de367e834932a81"},
]

[[package]]
name = "snekmate"
version = "0.1.0"
description = "State-of-the-art, highly opinionated, hyper-optimised, and secure 🐍Vyper smart contract building blocks."
optional = false
python-versions = ">=3.10"
files = [
    {file = "snekmate-0.1.0-py3-none-any.whl", hash = "sha256:0f56078c4237f2f57704ec6c974378751c5f30fb2c19f406aec2f173c002ab85"},
    {file = "snekmate-0.1.0.tar.gz", hash = "sha256:8446b4c1aac8bf80b5e6a7e4fe7e9b2547200fabd9577bf6e22a2e79ba88d5de"},
]

[[package]]
name = "vyper"
version = "0.4.0"
description = "Vyper: the Pythonic Programming Language for the EVM"
optional = false
python-versions = "<4,>=3.10"
files = [
    {file = "vyper-0.4.0-py3-none-any.whl", hash = "sha256:22d7e1eca229e95a909dc971ff5b1685c8379404e3fc3b7b84dbc59b5de1c262"},
    {file = "vyper-0.4.0.tar.gz", hash = "sha256:9687145c6a0bf42de52e92202ce9a913648d3c657ac8e5cfb9b35a100dc47e34"},
]

[package.dependencies]
asttokens = ">=2.0.5,<3"
cbor2 = ">=5.4.6,<6"
importlib-metadata = "*"
packaging = ">=23.1,<24"
pycryptodome = ">=3.5.1,<4"
wheel = "*"

[package.extras]
dev = ["black (==23.12.0)", "eth-abi (>=5.0.0,<6.0.0)", "eth-account (==0.12.2)", "eth-stdlib (==0.2.7)", "flake8 (==6.1.0)", "flake8-bugbear (==23.12.2)", "flake8-use-fstring (==1.4)", "hexbytes (>=1.2)", "hypothesis[lark] (>=6.0,<7.0)", "ipython", "isort (==5.13.2)", "lark (==1.1.9)", "mypy (==1.5)", "pre-commit", "py-evm (>=0.10.1b1,<0.11)", "pyinstaller", "pyrevm (>=0.3.2)", "pytest (>=8.0,<9.0)", "pytest-cov (>=4.1,<5.0)", "pytest-instafail (>=0.4,<1.0)", "pytest-split (>=0.7.0,<1.0)", "pytest-xdist (>=3.0,<3.4)", "setuptools", "twine"]
lint = ["black (==23.12.0)", "flake8 (==6.1.0)", "flake8-bugbear (==23.12.2)", "flake8-use-fstring (==1.4)", "isort (==5.13.2)", "mypy (==1.5)"]
test = ["eth-abi (>=5.0.0,<6.0.0)", "eth-account (==0.12.2)", "eth-stdlib (==0.2.7)", "hexbytes (>=1.2)", "hypothesis[lark] (>=6.0,<7.0)", "lark (==1.1.9)", "py-evm (>=0.10.1b1,<0.11)", "pyrevm (>=0.3.2)", "pytest (>=8.0,<9.0)", "pytest-cov (>=4.1,<5.0)", "pytest-instafail (>=0.4,<1.0)", "pytest-split (>=0.7.0,<1.0)", "pytest-xdist (>=3.0,<3.4)", "setuptools"]

[[package]]
name = "wheel"
version = "0.45.1"
description = "A built-package format for Python"
optional = false
python-versions = ">=3.8"
files = [
    {file = "wheel-0.45.1-py3-none-any.whl", hash = "sha256:708e7481cc80179af0e556bbf0cc00b8444c7321e2700b8d8580231d13017248"},
    {file = "wheel-0.45.1.tar.gz", hash = "sha256:661e1abd9198507b1409a20c02106d9670b2576e916d58f520316666abca6729"},
]

[package.extras]
test = ["pytest (>=6.0.0)", "setuptools (>=65)"]

[[package]]
name = "zipp"
version = "3.21.0"
description = "Backport of pathlib-compatible object wrapper for zip files"
optional = false
python-versions = ">=3.9"
files = [
    {file = "zipp-3.21.0-py3-none-any.whl", hash = "sha256:ac1bbe05fd2991f160ebce24ffbac5f6d11d83dc90891255885223d42b3cd931"},
    {file = "zipp-3.21.0.tar.gz", hash = "sha256:2c9958f6430a2040341a52eb608ed6dd93ef4392e02ffe219417c1b28b5dd1f4"},
]

[package.extras]
check = ["pytest-checkdocs (>=2.4)", "pytest-ruff (>=0.2.1)"]
cover = ["pytest-cov"]
doc = ["furo", "jaraco.packaging (>=9.3)", "jaraco.tidelift (>=1.4)", "rst.linker (>=1.9)", "sphinx (>=3.5)", "sphinx-lint"]
enabler = ["pytest-enabler (>=2.2)"]
test = ["big-O", "importlib-resources", "jaraco.functools", "jaraco.itertools", "jaraco.test", "more-itertools", "pytest (>=6,!=8.1.*)", "pytest-ignore-flaky"]
type = ["pytest-mypy"]

[metadata]
lock-version = "2.0"
python-versions = "^3.12.0"
content-hash = "3923282d87fab8630d4039c786a198e1a6c906bdd59a81b0b778151af59a0510"
